
Microsoft Visual Studio Solution File, Format Version 12.00
# Visual Studio Version 17
VisualStudioVersion = 17.7.34221.43
MinimumVisualStudioVersion = 10.0.40219.1
Project("{9A19103F-16F7-4668-BE54-9A1E7A4F7556}") = "Employee_Management_System", "EMS_PRJ\Employee_Management_System.csproj", "{5D1402AC-E52F-4FB2-871F-55979A2B6F54}"
EndProject
Global
	GlobalSection(SolutionConfigurationPlatforms) = preSolution
		Debug|Any CPU = Debug|Any CPU
		Release|Any CPU = Release|Any CPU
	EndGlobalSection
	GlobalSection(ProjectConfigurationPlatforms) = postSolution
		{5D1402AC-E52F-4FB2-871F-55979A2B6F54}.Debug|Any CPU.ActiveCfg = Debug|Any CPU
		{5D1402AC-E52F-4FB2-871F-55979A2B6F54}.Debug|Any CPU.Build.0 = Debug|Any CPU
		{5D1402AC-E52F-4FB2-871F-55979A2B6F54}.Release|Any CPU.ActiveCfg = Release|Any CPU
		{5D1402AC-E52F-4FB2-871F-55979A2B6F54}.Release|Any CPU.Build.0 = Release|Any CPU
	EndGlobalSection
	GlobalSection(SolutionProperties) = preSolution
		HideSolutionNode = FALSE
	EndGlobalSection
	GlobalSection(ExtensibilityGlobals) = postSolution
		SolutionGuid = {1FEADEF7-0915-4882-B3E5-044CD99FC492}
	EndGlobalSection
EndGlobal
